
Microsoft Visual Studio Solution File, Format Version 12.00
# Visual Studio Version 16
VisualStudioVersion = 16.0.31105.61
MinimumVisualStudioVersion = 10.0.40219.1
Project("{FAE04EC0-301F-11D3-BF4B-00C04F79EFBC}") = "WebFormAsMVC", "WebFormAsMVC\WebFormAsMVC.csproj", "{1AECBDDB-2F2B-451F-BB69-1182C33AB392}"
EndProject
Global
	GlobalSection(SolutionConfigurationPlatforms) = preSolution
		Debug|Any CPU = Debug|Any CPU
		Release|Any CPU = Release|Any CPU
	EndGlobalSection
	GlobalSection(ProjectConfigurationPlatforms) = postSolution
		{1AECBDDB-2F2B-451F-BB69-1182C33AB392}.Debug|Any CPU.ActiveCfg = Debug|Any CPU
		{1AECBDDB-2F2B-451F-BB69-1182C33AB392}.Debug|Any CPU.Build.0 = Debug|Any CPU
		{1AECBDDB-2F2B-451F-BB69-1182C33AB392}.Release|Any CPU.ActiveCfg = Release|Any CPU
		{1AECBDDB-2F2B-451F-BB69-1182C33AB392}.Release|Any CPU.Build.0 = Release|Any CPU
	EndGlobalSection
	GlobalSection(SolutionProperties) = preSolution
		HideSolutionNode = FALSE
	EndGlobalSection
	GlobalSection(ExtensibilityGlobals) = postSolution
		SolutionGuid = {C019477E-1B47-4BAB-9B4D-C66BF2FBD33E}
	EndGlobalSection
EndGlobal
